
Microsoft Visual Studio Solution File, Format Version 12.00
# Visual Studio Version 17
VisualStudioVersion = 17.13.35919.96 d17.13
MinimumVisualStudioVersion = 10.0.40219.1
Project("{FAE04EC0-301F-11D3-BF4B-00C04F79EFBC}") = "Service.API", "Service.API.csproj", "{7F2159C2-554A-4BAB-B9CB-B051EBEFEAEF}"
EndProject
Global
	GlobalSection(SolutionConfigurationPlatforms) = preSolution
		Debug|Any CPU = Debug|Any CPU
		Release|Any CPU = Release|Any CPU
	EndGlobalSection
	GlobalSection(ProjectConfigurationPlatforms) = postSolution
		{7F2159C2-554A-4BAB-B9CB-B051EBEFEAEF}.Debug|Any CPU.ActiveCfg = Debug|Any CPU
		{7F2159C2-554A-4BAB-B9CB-B051EBEFEAEF}.Debug|Any CPU.Build.0 = Debug|Any CPU
		{7F2159C2-554A-4BAB-B9CB-B051EBEFEAEF}.Release|Any CPU.ActiveCfg = Release|Any CPU
		{7F2159C2-554A-4BAB-B9CB-B051EBEFEAEF}.Release|Any CPU.Build.0 = Release|Any CPU
	EndGlobalSection
	GlobalSection(SolutionProperties) = preSolution
		HideSolutionNode = FALSE
	EndGlobalSection
	GlobalSection(ExtensibilityGlobals) = postSolution
		SolutionGuid = {D7B411F1-9118-4CC1-94FE-4A694801B0C2}
	EndGlobalSection
EndGlobal
